github.com/davecgh/go-spew v1.1.0 h1:ZDRjVQ15GmhC3fiQ8ni8+OwkZQO4DARzQgrnXU1Liz8=
github.com/pmezard/go-difflib v1.0.0 h1:4DBwDE0NGyQoBHbLQYPwSUPoCMWR5BEzIk/f1lZbAQM=
github.com/stretchr/testify v1.7.0 h1:nwc3DEeHmmLAfoZucVR881uASk0Mfjw8xYJ99tb5CcY=
github.com/ybbus/jsonrpc/v3 v3.1.1 h1:8xJu2oEz1vfDQq83QGQkK2fZqYDqIvE2j0iQpMbeCeo=
github.com/ybbus/jsonrpc/v3 v3.1.1/go.mod h1:NJ8vURh8jndl+F1dVplHr538HNnwnV89sEhcDsZL/bw=
gopkg.in/yaml.v3 v3.0.0-20200313102051-9f266ea9e77c h1:dUUwHk2QECo/6vqA44rthZ8ie2QXMNeKRTHCNY2nXvo=
